
Microsoft Visual Studio Solution File, Format Version 12.00
# Visual Studio Version 17
VisualStudioVersion = 17.12.35707.178 d17.12
MinimumVisualStudioVersion = 10.0.40219.1
Project("{FAE04EC0-301F-11D3-BF4B-00C04F79EFBC}") = "PrintServiceGenerics", "PrintServiceGenerics\PrintServiceGenerics.csproj", "{A08C0814-D30A-4FF3-A20E-B95245B318D4}"
EndProject
Global
	GlobalSection(SolutionConfigurationPlatforms) = preSolution
		Debug|Any CPU = Debug|Any CPU
		Release|Any CPU = Release|Any CPU
	EndGlobalSection
	GlobalSection(ProjectConfigurationPlatforms) = postSolution
		{A08C0814-D30A-4FF3-A20E-B95245B318D4}.Debug|Any CPU.ActiveCfg = Debug|Any CPU
		{A08C0814-D30A-4FF3-A20E-B95245B318D4}.Debug|Any CPU.Build.0 = Debug|Any CPU
		{A08C0814-D30A-4FF3-A20E-B95245B318D4}.Release|Any CPU.ActiveCfg = Release|Any CPU
		{A08C0814-D30A-4FF3-A20E-B95245B318D4}.Release|Any CPU.Build.0 = Release|Any CPU
	EndGlobalSection
	GlobalSection(SolutionProperties) = preSolution
		HideSolutionNode = FALSE
	EndGlobalSection
EndGlobal
