
Microsoft Visual Studio Solution File, Format Version 12.00
# Visual Studio Version 17
VisualStudioVersion = 17.6.33723.286
MinimumVisualStudioVersion = 10.0.40219.1
Project("{FAE04EC0-301F-11D3-BF4B-00C04F79EFBC}") = "CalculoAreaPerimetroDiagonal(classe)", "CalculoAreaPerimetroDiagonal(classe)\CalculoAreaPerimetroDiagonal(classe).csproj", "{78C6EC08-76DF-4030-847C-F84EA43D0EC8}"
EndProject
Global
	GlobalSection(SolutionConfigurationPlatforms) = preSolution
		Debug|Any CPU = Debug|Any CPU
		Release|Any CPU = Release|Any CPU
	EndGlobalSection
	GlobalSection(ProjectConfigurationPlatforms) = postSolution
		{78C6EC08-76DF-4030-847C-F84EA43D0EC8}.Debug|Any CPU.ActiveCfg = Debug|Any CPU
		{78C6EC08-76DF-4030-847C-F84EA43D0EC8}.Debug|Any CPU.Build.0 = Debug|Any CPU
		{78C6EC08-76DF-4030-847C-F84EA43D0EC8}.Release|Any CPU.ActiveCfg = Release|Any CPU
		{78C6EC08-76DF-4030-847C-F84EA43D0EC8}.Release|Any CPU.Build.0 = Release|Any CPU
	EndGlobalSection
	GlobalSection(SolutionProperties) = preSolution
		HideSolutionNode = FALSE
	EndGlobalSection
	GlobalSection(ExtensibilityGlobals) = postSolution
		SolutionGuid = {8016BE08-606C-4F9C-AF50-D068272C4A6B}
	EndGlobalSection
EndGlobal
