
Microsoft Visual Studio Solution File, Format Version 12.00
# Visual Studio Version 17
VisualStudioVersion = 17.6.33723.286
MinimumVisualStudioVersion = 10.0.40219.1
Project("{FAE04EC0-301F-11D3-BF4B-00C04F79EFBC}") = "CalculoImpostoFuncionario(class)", "CalculoImpostoFuncionario(class)\CalculoImpostoFuncionario(class).csproj", "{ED10FB27-D28D-4A46-8603-F03096D50320}"
EndProject
Global
	GlobalSection(SolutionConfigurationPlatforms) = preSolution
		Debug|Any CPU = Debug|Any CPU
		Release|Any CPU = Release|Any CPU
	EndGlobalSection
	GlobalSection(ProjectConfigurationPlatforms) = postSolution
		{ED10FB27-D28D-4A46-8603-F03096D50320}.Debug|Any CPU.ActiveCfg = Debug|Any CPU
		{ED10FB27-D28D-4A46-8603-F03096D50320}.Debug|Any CPU.Build.0 = Debug|Any CPU
		{ED10FB27-D28D-4A46-8603-F03096D50320}.Release|Any CPU.ActiveCfg = Release|Any CPU
		{ED10FB27-D28D-4A46-8603-F03096D50320}.Release|Any CPU.Build.0 = Release|Any CPU
	EndGlobalSection
	GlobalSection(SolutionProperties) = preSolution
		HideSolutionNode = FALSE
	EndGlobalSection
	GlobalSection(ExtensibilityGlobals) = postSolution
		SolutionGuid = {78F52304-6081-4B12-83D3-110DB06A77E5}
	EndGlobalSection
EndGlobal
