
Microsoft Visual Studio Solution File, Format Version 12.00
# Visual Studio Version 17
VisualStudioVersion = 17.12.35707.178 d17.12
MinimumVisualStudioVersion = 10.0.40219.1
Project("{FAE04EC0-301F-11D3-BF4B-00C04F79EFBC}") = "CalculoFigurasAbstractMethods", "CalculoFigurasAbstractMethods\CalculoFigurasAbstractMethods.csproj", "{9CFC7B96-4140-4F64-8FD3-3B792115047F}"
EndProject
Global
	GlobalSection(SolutionConfigurationPlatforms) = preSolution
		Debug|Any CPU = Debug|Any CPU
		Release|Any CPU = Release|Any CPU
	EndGlobalSection
	GlobalSection(ProjectConfigurationPlatforms) = postSolution
		{9CFC7B96-4140-4F64-8FD3-3B792115047F}.Debug|Any CPU.ActiveCfg = Debug|Any CPU
		{9CFC7B96-4140-4F64-8FD3-3B792115047F}.Debug|Any CPU.Build.0 = Debug|Any CPU
		{9CFC7B96-4140-4F64-8FD3-3B792115047F}.Release|Any CPU.ActiveCfg = Release|Any CPU
		{9CFC7B96-4140-4F64-8FD3-3B792115047F}.Release|Any CPU.Build.0 = Release|Any CPU
	EndGlobalSection
	GlobalSection(SolutionProperties) = preSolution
		HideSolutionNode = FALSE
	EndGlobalSection
EndGlobal
